
Microsoft Visual Studio Solution File, Format Version 12.00
# Visual Studio Version 17
VisualStudioVersion = 17.8.34330.188
MinimumVisualStudioVersion = 10.0.40219.1
Project("{2150E333-8FDC-42A3-9474-1A3956D46DE8}") = "Domain", "Domain", "{4FF2661E-01D1-40FD-B365-70BC283E32E0}"
EndProject
Project("{2150E333-8FDC-42A3-9474-1A3956D46DE8}") = "Infra.Bus", "Infra.Bus", "{3FF1731B-A928-4B47-A207-1B3796ECEFD7}"
EndProject
Project("{2150E333-8FDC-42A3-9474-1A3956D46DE8}") = "Infra.IoC", "Infra.IoC", "{92A42DDA-7072-4C28-BF28-299140D837F0}"
EndProject
Project("{2150E333-8FDC-42A3-9474-1A3956D46DE8}") = "Microservices", "Microservices", "{6E90E288-06FF-4EDC-B1BE-DFCEDCCB3A21}"
EndProject
Project("{2150E333-8FDC-42A3-9474-1A3956D46DE8}") = "Presentation", "Presentation", "{7EEAEC21-72FC-4906-8338-99C718C59397}"
EndProject
Project("{FAE04EC0-301F-11D3-BF4B-00C04F79EFBC}") = "MicroRabbit.Domain.Core", "MicroRabbit.Domain.Core\MicroRabbit.Domain.Core.csproj", "{D88F701E-A987-408E-BDD4-FDED0F0C1A97}"
EndProject
Global
	GlobalSection(SolutionConfigurationPlatforms) = preSolution
		Debug|Any CPU = Debug|Any CPU
		Release|Any CPU = Release|Any CPU
	EndGlobalSection
	GlobalSection(ProjectConfigurationPlatforms) = postSolution
		{D88F701E-A987-408E-BDD4-FDED0F0C1A97}.Debug|Any CPU.ActiveCfg = Debug|Any CPU
		{D88F701E-A987-408E-BDD4-FDED0F0C1A97}.Debug|Any CPU.Build.0 = Debug|Any CPU
		{D88F701E-A987-408E-BDD4-FDED0F0C1A97}.Release|Any CPU.ActiveCfg = Release|Any CPU
		{D88F701E-A987-408E-BDD4-FDED0F0C1A97}.Release|Any CPU.Build.0 = Release|Any CPU
	EndGlobalSection
	GlobalSection(SolutionProperties) = preSolution
		HideSolutionNode = FALSE
	EndGlobalSection
	GlobalSection(NestedProjects) = preSolution
		{D88F701E-A987-408E-BDD4-FDED0F0C1A97} = {4FF2661E-01D1-40FD-B365-70BC283E32E0}
	EndGlobalSection
	GlobalSection(ExtensibilityGlobals) = postSolution
		SolutionGuid = {A8342DA4-4F77-4573-92C3-12BC746558F9}
	EndGlobalSection
EndGlobal
