
Microsoft Visual Studio Solution File, Format Version 12.00
# Visual Studio Version 17
VisualStudioVersion = 17.8.34330.188
MinimumVisualStudioVersion = 10.0.40219.1
Project("{2150E333-8FDC-42A3-9474-1A3956D46DE8}") = "Domain", "Domain", "{4FF2661E-01D1-40FD-B365-70BC283E32E0}"
EndProject
Project("{2150E333-8FDC-42A3-9474-1A3956D46DE8}") = "Infra.Bus", "Infra.Bus", "{3FF1731B-A928-4B47-A207-1B3796ECEFD7}"
EndProject
Project("{2150E333-8FDC-42A3-9474-1A3956D46DE8}") = "Infra.IoC", "Infra.IoC", "{92A42DDA-7072-4C28-BF28-299140D837F0}"
EndProject
Project("{2150E333-8FDC-42A3-9474-1A3956D46DE8}") = "Microservices", "Microservices", "{6E90E288-06FF-4EDC-B1BE-DFCEDCCB3A21}"
EndProject
Project("{2150E333-8FDC-42A3-9474-1A3956D46DE8}") = "Presentation", "Presentation", "{7EEAEC21-72FC-4906-8338-99C718C59397}"
EndProject
Project("{9A19103F-16F7-4668-BE54-9A1E7A4F7556}") = "MicroRabbit.Domain.Core", "MicroRabbit.Domain.Core\MicroRabbit.Domain.Core.csproj", "{D88F701E-A987-408E-BDD4-FDED0F0C1A97}"
EndProject
Project("{9A19103F-16F7-4668-BE54-9A1E7A4F7556}") = "MicroRabbit.Infra.Bus", "MicroRabbit.Infra.Bus\MicroRabbit.Infra.Bus.csproj", "{C0BBB8E3-D2B9-4006-8D37-92F61B58D9AE}"
EndProject
Project("{9A19103F-16F7-4668-BE54-9A1E7A4F7556}") = "MicroRabbit.Infra.IoC", "MicroRabbit.Infra.IoC\MicroRabbit.Infra.IoC.csproj", "{A4B532E1-EB98-4D5A-8304-F81575C97E5F}"
EndProject
Project("{2150E333-8FDC-42A3-9474-1A3956D46DE8}") = "Banking", "Banking", "{62DCDC56-6351-4599-A0FA-8FD0A66EFA3E}"
EndProject
Project("{2150E333-8FDC-42A3-9474-1A3956D46DE8}") = "Api", "Api", "{2F07BC30-8B06-47CA-A150-A21AE47C2B4C}"
EndProject
Project("{2150E333-8FDC-42A3-9474-1A3956D46DE8}") = "Domain", "Domain", "{948CC958-8079-4484-8EFE-5C3F2A0C28CD}"
EndProject
Project("{2150E333-8FDC-42A3-9474-1A3956D46DE8}") = "Application", "Application", "{A479D90E-87BD-42BD-AED9-CDE3DEFDA850}"
EndProject
Project("{2150E333-8FDC-42A3-9474-1A3956D46DE8}") = "Data", "Data", "{4F20A83B-BE86-4300-9AE6-45B402931128}"
EndProject
Project("{9A19103F-16F7-4668-BE54-9A1E7A4F7556}") = "MicroRabbit.Banking.Api", "MicroRabbit.Banking.Api\MicroRabbit.Banking.Api.csproj", "{DD46C19F-109C-48A5-8358-54DB715CEF5D}"
EndProject
Project("{9A19103F-16F7-4668-BE54-9A1E7A4F7556}") = "MicroRabbit.Banking.Application", "MicroRabbit.Banking.Application\MicroRabbit.Banking.Application.csproj", "{291C01EB-2C07-4A86-8A4A-6430187A2D7A}"
EndProject
Project("{9A19103F-16F7-4668-BE54-9A1E7A4F7556}") = "MicroRabbit.Banking.Data", "MicroRabit.Banking.Data\MicroRabbit.Banking.Data.csproj", "{BB20C052-0A05-43D2-A1D8-35A8656C13BC}"
EndProject
Project("{9A19103F-16F7-4668-BE54-9A1E7A4F7556}") = "MicroRabbit.Banking.Domain", "MicroRabbit.Banking.Domain\MicroRabbit.Banking.Domain.csproj", "{AE88BA76-9101-45CA-9F65-84211F9280B1}"
EndProject
Global
	GlobalSection(SolutionConfigurationPlatforms) = preSolution
		Debug|Any CPU = Debug|Any CPU
		Release|Any CPU = Release|Any CPU
	EndGlobalSection
	GlobalSection(ProjectConfigurationPlatforms) = postSolution
		{D88F701E-A987-408E-BDD4-FDED0F0C1A97}.Debug|Any CPU.ActiveCfg = Debug|Any CPU
		{D88F701E-A987-408E-BDD4-FDED0F0C1A97}.Debug|Any CPU.Build.0 = Debug|Any CPU
		{D88F701E-A987-408E-BDD4-FDED0F0C1A97}.Release|Any CPU.ActiveCfg = Release|Any CPU
		{D88F701E-A987-408E-BDD4-FDED0F0C1A97}.Release|Any CPU.Build.0 = Release|Any CPU
		{C0BBB8E3-D2B9-4006-8D37-92F61B58D9AE}.Debug|Any CPU.ActiveCfg = Debug|Any CPU
		{C0BBB8E3-D2B9-4006-8D37-92F61B58D9AE}.Debug|Any CPU.Build.0 = Debug|Any CPU
		{C0BBB8E3-D2B9-4006-8D37-92F61B58D9AE}.Release|Any CPU.ActiveCfg = Release|Any CPU
		{C0BBB8E3-D2B9-4006-8D37-92F61B58D9AE}.Release|Any CPU.Build.0 = Release|Any CPU
		{A4B532E1-EB98-4D5A-8304-F81575C97E5F}.Debug|Any CPU.ActiveCfg = Debug|Any CPU
		{A4B532E1-EB98-4D5A-8304-F81575C97E5F}.Debug|Any CPU.Build.0 = Debug|Any CPU
		{A4B532E1-EB98-4D5A-8304-F81575C97E5F}.Release|Any CPU.ActiveCfg = Release|Any CPU
		{A4B532E1-EB98-4D5A-8304-F81575C97E5F}.Release|Any CPU.Build.0 = Release|Any CPU
		{DD46C19F-109C-48A5-8358-54DB715CEF5D}.Debug|Any CPU.ActiveCfg = Debug|Any CPU
		{DD46C19F-109C-48A5-8358-54DB715CEF5D}.Debug|Any CPU.Build.0 = Debug|Any CPU
		{DD46C19F-109C-48A5-8358-54DB715CEF5D}.Release|Any CPU.ActiveCfg = Release|Any CPU
		{DD46C19F-109C-48A5-8358-54DB715CEF5D}.Release|Any CPU.Build.0 = Release|Any CPU
		{291C01EB-2C07-4A86-8A4A-6430187A2D7A}.Debug|Any CPU.ActiveCfg = Debug|Any CPU
		{291C01EB-2C07-4A86-8A4A-6430187A2D7A}.Debug|Any CPU.Build.0 = Debug|Any CPU
		{291C01EB-2C07-4A86-8A4A-6430187A2D7A}.Release|Any CPU.ActiveCfg = Release|Any CPU
		{291C01EB-2C07-4A86-8A4A-6430187A2D7A}.Release|Any CPU.Build.0 = Release|Any CPU
		{BB20C052-0A05-43D2-A1D8-35A8656C13BC}.Debug|Any CPU.ActiveCfg = Debug|Any CPU
		{BB20C052-0A05-43D2-A1D8-35A8656C13BC}.Debug|Any CPU.Build.0 = Debug|Any CPU
		{BB20C052-0A05-43D2-A1D8-35A8656C13BC}.Release|Any CPU.ActiveCfg = Release|Any CPU
		{BB20C052-0A05-43D2-A1D8-35A8656C13BC}.Release|Any CPU.Build.0 = Release|Any CPU
		{AE88BA76-9101-45CA-9F65-84211F9280B1}.Debug|Any CPU.ActiveCfg = Debug|Any CPU
		{AE88BA76-9101-45CA-9F65-84211F9280B1}.Debug|Any CPU.Build.0 = Debug|Any CPU
		{AE88BA76-9101-45CA-9F65-84211F9280B1}.Release|Any CPU.ActiveCfg = Release|Any CPU
		{AE88BA76-9101-45CA-9F65-84211F9280B1}.Release|Any CPU.Build.0 = Release|Any CPU
	EndGlobalSection
	GlobalSection(SolutionProperties) = preSolution
		HideSolutionNode = FALSE
	EndGlobalSection
	GlobalSection(NestedProjects) = preSolution
		{D88F701E-A987-408E-BDD4-FDED0F0C1A97} = {4FF2661E-01D1-40FD-B365-70BC283E32E0}
		{C0BBB8E3-D2B9-4006-8D37-92F61B58D9AE} = {3FF1731B-A928-4B47-A207-1B3796ECEFD7}
		{A4B532E1-EB98-4D5A-8304-F81575C97E5F} = {92A42DDA-7072-4C28-BF28-299140D837F0}
		{62DCDC56-6351-4599-A0FA-8FD0A66EFA3E} = {6E90E288-06FF-4EDC-B1BE-DFCEDCCB3A21}
		{2F07BC30-8B06-47CA-A150-A21AE47C2B4C} = {62DCDC56-6351-4599-A0FA-8FD0A66EFA3E}
		{948CC958-8079-4484-8EFE-5C3F2A0C28CD} = {62DCDC56-6351-4599-A0FA-8FD0A66EFA3E}
		{A479D90E-87BD-42BD-AED9-CDE3DEFDA850} = {62DCDC56-6351-4599-A0FA-8FD0A66EFA3E}
		{4F20A83B-BE86-4300-9AE6-45B402931128} = {62DCDC56-6351-4599-A0FA-8FD0A66EFA3E}
		{DD46C19F-109C-48A5-8358-54DB715CEF5D} = {2F07BC30-8B06-47CA-A150-A21AE47C2B4C}
		{291C01EB-2C07-4A86-8A4A-6430187A2D7A} = {A479D90E-87BD-42BD-AED9-CDE3DEFDA850}
		{BB20C052-0A05-43D2-A1D8-35A8656C13BC} = {4F20A83B-BE86-4300-9AE6-45B402931128}
		{AE88BA76-9101-45CA-9F65-84211F9280B1} = {948CC958-8079-4484-8EFE-5C3F2A0C28CD}
	EndGlobalSection
	GlobalSection(ExtensibilityGlobals) = postSolution
		SolutionGuid = {A8342DA4-4F77-4573-92C3-12BC746558F9}
	EndGlobalSection
EndGlobal
